
Microsoft Visual Studio Solution File, Format Version 12.00
# Visual Studio Version 16
VisualStudioVersion = 16.0.31729.503
MinimumVisualStudioVersion = 10.0.40219.1
Project("{FAE04EC0-301F-11D3-BF4B-00C04F79EFBC}") = "LabSevenRegularExpressions", "LabSevenRegularExpressions.csproj", "{2C845E8C-601C-46EC-ACFB-32FCEC2610E5}"
EndProject
Global
	GlobalSection(SolutionConfigurationPlatforms) = preSolution
		Debug|Any CPU = Debug|Any CPU
		Release|Any CPU = Release|Any CPU
	EndGlobalSection
	GlobalSection(ProjectConfigurationPlatforms) = postSolution
		{2C845E8C-601C-46EC-ACFB-32FCEC2610E5}.Debug|Any CPU.ActiveCfg = Debug|Any CPU
		{2C845E8C-601C-46EC-ACFB-32FCEC2610E5}.Debug|Any CPU.Build.0 = Debug|Any CPU
		{2C845E8C-601C-46EC-ACFB-32FCEC2610E5}.Release|Any CPU.ActiveCfg = Release|Any CPU
		{2C845E8C-601C-46EC-ACFB-32FCEC2610E5}.Release|Any CPU.Build.0 = Release|Any CPU
	EndGlobalSection
	GlobalSection(SolutionProperties) = preSolution
		HideSolutionNode = FALSE
	EndGlobalSection
	GlobalSection(ExtensibilityGlobals) = postSolution
		SolutionGuid = {1B8DB906-B20E-4C31-86DC-A834CF153B8A}
	EndGlobalSection
EndGlobal
